
Microsoft Visual Studio Solution File, Format Version 12.00
# Visual Studio Version 16
VisualStudioVersion = 16.0.30621.155
MinimumVisualStudioVersion = 10.0.40219.1
Project("{FAE04EC0-301F-11D3-BF4B-00C04F79EFBC}") = "Tic Tac Toe", "Tic Tac Toe\Tic Tac Toe.csproj", "{5F181A04-CFF9-452C-B431-E17FFBA14DEE}"
EndProject
Global
	GlobalSection(SolutionConfigurationPlatforms) = preSolution
		Debug|Any CPU = Debug|Any CPU
		Release|Any CPU = Release|Any CPU
	EndGlobalSection
	GlobalSection(ProjectConfigurationPlatforms) = postSolution
		{5F181A04-CFF9-452C-B431-E17FFBA14DEE}.Debug|Any CPU.ActiveCfg = Debug|Any CPU
		{5F181A04-CFF9-452C-B431-E17FFBA14DEE}.Debug|Any CPU.Build.0 = Debug|Any CPU
		{5F181A04-CFF9-452C-B431-E17FFBA14DEE}.Release|Any CPU.ActiveCfg = Release|Any CPU
		{5F181A04-CFF9-452C-B431-E17FFBA14DEE}.Release|Any CPU.Build.0 = Release|Any CPU
	EndGlobalSection
	GlobalSection(SolutionProperties) = preSolution
		HideSolutionNode = FALSE
	EndGlobalSection
	GlobalSection(ExtensibilityGlobals) = postSolution
		SolutionGuid = {3ABD181A-FF3D-4041-87A3-A6B0AEB891B7}
	EndGlobalSection
EndGlobal
